// !$*UTF8*$!
{
	archiveVersion = 1;
	classes = {
	};
	objectVersion = 46;
	objects = {

/* Begin PBXBuildFile section */
		AAA18F641D1F4A6C0030F311 /* AppDelegate.swift in Sources */ = {isa = PBXBuildFile; fileRef = AAA18F631D1F4A6C0030F311 /* AppDelegate.swift */; };
		AAA18F661D1F4A6C0030F311 /* ViewController.swift in Sources */ = {isa = PBXBuildFile; fileRef = AAA18F651D1F4A6C0030F311 /* ViewController.swift */; };
		AAA18F691D1F4A6C0030F311 /* Main.storyboard in Resources */ = {isa = PBXBuildFile; fileRef = AAA18F671D1F4A6C0030F311 /* Main.storyboard */; };
		AAA18F6B1D1F4A6C0030F311 /* Assets.xcassets in Resources */ = {isa = PBXBuildFile; fileRef = AAA18F6A1D1F4A6C0030F311 /* Assets.xcassets */; };
		AAA18F6E1D1F4A6C0030F311 /* LaunchScreen.storyboard in Resources */ = {isa = PBXBuildFile; fileRef = AAA18F6C1D1F4A6C0030F311 /* LaunchScreen.storyboard */; };
		AAA18F791D1F4A6C0030F311 /* SlotElementViewModelTests.swift in Sources */ = {isa = PBXBuildFile; fileRef = AAA18F781D1F4A6C0030F311 /* SlotElementViewModelTests.swift */; };
		AAA18F841D1F4A6C0030F311 /* SlotMachineUITests.swift in Sources */ = {isa = PBXBuildFile; fileRef = AAA18F831D1F4A6C0030F311 /* SlotMachineUITests.swift */; };
		AAA18F961D1F4ADF0030F311 /* SlotElementViewModel.swift in Sources */ = {isa = PBXBuildFile; fileRef = AAA18F931D1F4ADF0030F311 /* SlotElementViewModel.swift */; };
		AAA18F971D1F4ADF0030F311 /* SlotColumnViewModel.swift in Sources */ = {isa = PBXBuildFile; fileRef = AAA18F941D1F4ADF0030F311 /* SlotColumnViewModel.swift */; };
		AAA18F981D1F4ADF0030F311 /* SlotMachineViewModel.swift in Sources */ = {isa = PBXBuildFile; fileRef = AAA18F951D1F4ADF0030F311 /* SlotMachineViewModel.swift */; };
		AAA18F9C1D1F4AF60030F311 /* SlotElement.swift in Sources */ = {isa = PBXBuildFile; fileRef = AAA18F991D1F4AF60030F311 /* SlotElement.swift */; };
		AAA18F9D1D1F4AF60030F311 /* SlotColumn.swift in Sources */ = {isa = PBXBuildFile; fileRef = AAA18F9A1D1F4AF60030F311 /* SlotColumn.swift */; };
		AAA18F9E1D1F4AF60030F311 /* SlotMachine.swift in Sources */ = {isa = PBXBuildFile; fileRef = AAA18F9B1D1F4AF60030F311 /* SlotMachine.swift */; };
		AAA18FA31D1F4D1F0030F311 /* SlotColumnView.swift in Sources */ = {isa = PBXBuildFile; fileRef = AAA18FA21D1F4D1F0030F311 /* SlotColumnView.swift */; };
		AAA18FA61D1F4DDE0030F311 /* Configurable.swift in Sources */ = {isa = PBXBuildFile; fileRef = AAA18FA51D1F4DDE0030F311 /* Configurable.swift */; };
		AAA18FAB1D1F51610030F311 /* SlotMachineView.swift in Sources */ = {isa = PBXBuildFile; fileRef = AAA18FAA1D1F51610030F311 /* SlotMachineView.swift */; };
		AAA18FAD1D1F52280030F311 /* SlotMachineView.xib in Resources */ = {isa = PBXBuildFile; fileRef = AAA18FAC1D1F52280030F311 /* SlotMachineView.xib */; };
		AAA18FB01D1F528D0030F311 /* XibLoadingView.swift in Sources */ = {isa = PBXBuildFile; fileRef = AAA18FAF1D1F528D0030F311 /* XibLoadingView.swift */; };
		AAA18FB71D1FCD2D0030F311 /* SlotMachineViewTests.swift in Sources */ = {isa = PBXBuildFile; fileRef = AAA18FB61D1FCD2D0030F311 /* SlotMachineViewTests.swift */; };
		AAA18FB91D1FCD460030F311 /* SlotColumnViewTests.swift in Sources */ = {isa = PBXBuildFile; fileRef = AAA18FB81D1FCD460030F311 /* SlotColumnViewTests.swift */; };
		AAA18FBB1D1FDC4A0030F311 /* SlotColumnViewModelTests.swift in Sources */ = {isa = PBXBuildFile; fileRef = AAA18FBA1D1FDC4A0030F311 /* SlotColumnViewModelTests.swift */; };
		AAA18FBD1D1FDC660030F311 /* TestHelper.swift in Sources */ = {isa = PBXBuildFile; fileRef = AAA18FBC1D1FDC660030F311 /* TestHelper.swift */; };
		AAA18FBF1D1FDCAF0030F311 /* SlotMachineViewModelTests.swift in Sources */ = {isa = PBXBuildFile; fileRef = AAA18FBE1D1FDCAF0030F311 /* SlotMachineViewModelTests.swift */; };
		AAA18FC11D1FFF730030F311 /* AppConstants.swift in Sources */ = {isa = PBXBuildFile; fileRef = AAA18FC01D1FFF730030F311 /* AppConstants.swift */; };
		AAA18FC31D20012F0030F311 /* TriangleView.swift in Sources */ = {isa = PBXBuildFile; fileRef = AAA18FC21D20012F0030F311 /* TriangleView.swift */; };
		AAA18FC61D2003930030F311 /* UIColor+Components.swift in Sources */ = {isa = PBXBuildFile; fileRef = AAA18FC51D2003930030F311 /* UIColor+Components.swift */; };
		AAA18FC81D200CFB0030F311 /* TriangleViewTests.swift in Sources */ = {isa = PBXBuildFile; fileRef = AAA18FC71D200CFB0030F311 /* TriangleViewTests.swift */; };
/* End PBXBuildFile section */

/* Begin PBXContainerItemProxy section */
		AAA18F751D1F4A6C0030F311 /* PBXContainerItemProxy */ = {
			isa = PBXContainerItemProxy;
			containerPortal = AAA18F581D1F4A6B0030F311 /* Project object */;
			proxyType = 1;
			remoteGlobalIDString = AAA18F5F1D1F4A6C0030F311;
			remoteInfo = SlotMachine;
		};
		AAA18F801D1F4A6C0030F311 /* PBXContainerItemProxy */ = {
			isa = PBXContainerItemProxy;
			containerPortal = AAA18F581D1F4A6B0030F311 /* Project object */;
			proxyType = 1;
			remoteGlobalIDString = AAA18F5F1D1F4A6C0030F311;
			remoteInfo = SlotMachine;
		};
/* End PBXContainerItemProxy section */

/* Begin PBXFileReference section */
		AAA18F601D1F4A6C0030F311 /* SlotMachine.app */ = {isa = PBXFileReference; explicitFileType = wrapper.application; includeInIndex = 0; path = SlotMachine.app; sourceTree = BUILT_PRODUCTS_DIR; };
		AAA18F631D1F4A6C0030F311 /* AppDelegate.swift */ = {isa = PBXFileReference; lastKnownFileType = sourcecode.swift; path = AppDelegate.swift; sourceTree = "<group>"; };
		AAA18F651D1F4A6C0030F311 /* ViewController.swift */ = {isa = PBXFileReference; lastKnownFileType = sourcecode.swift; path = ViewController.swift; sourceTree = "<group>"; };
		AAA18F681D1F4A6C0030F311 /* Base */ = {isa = PBXFileReference; lastKnownFileType = file.storyboard; name = Base; path = Base.lproj/Main.storyboard; sourceTree = "<group>"; };
		AAA18F6A1D1F4A6C0030F311 /* Assets.xcassets */ = {isa = PBXFileReference; lastKnownFileType = folder.assetcatalog; path = Assets.xcassets; sourceTree = "<group>"; };
		AAA18F6D1D1F4A6C0030F311 /* Base */ = {isa = PBXFileReference; lastKnownFileType = file.storyboard; name = Base; path = Base.lproj/LaunchScreen.storyboard; sourceTree = "<group>"; };
		AAA18F6F1D1F4A6C0030F311 /* Info.plist */ = {isa = PBXFileReference; lastKnownFileType = text.plist.xml; path = Info.plist; sourceTree = "<group>"; };
		AAA18F741D1F4A6C0030F311 /* SlotMachineTests.xctest */ = {isa = PBXFileReference; explicitFileType = wrapper.cfbundle; includeInIndex = 0; path = SlotMachineTests.xctest; sourceTree = BUILT_PRODUCTS_DIR; };
		AAA18F781D1F4A6C0030F311 /* SlotElementViewModelTests.swift */ = {isa = PBXFileReference; lastKnownFileType = sourcecode.swift; path = SlotElementViewModelTests.swift; sourceTree = "<group>"; };
		AAA18F7A1D1F4A6C0030F311 /* Info.plist */ = {isa = PBXFileReference; lastKnownFileType = text.plist.xml; path = Info.plist; sourceTree = "<group>"; };
		AAA18F7F1D1F4A6C0030F311 /* SlotMachineUITests.xctest */ = {isa = PBXFileReference; explicitFileType = wrapper.cfbundle; includeInIndex = 0; path = SlotMachineUITests.xctest; sourceTree = BUILT_PRODUCTS_DIR; };
		AAA18F831D1F4A6C0030F311 /* SlotMachineUITests.swift */ = {isa = PBXFileReference; lastKnownFileType = sourcecode.swift; path = SlotMachineUITests.swift; sourceTree = "<group>"; };
		AAA18F851D1F4A6C0030F311 /* Info.plist */ = {isa = PBXFileReference; lastKnownFileType = text.plist.xml; path = Info.plist; sourceTree = "<group>"; };
		AAA18F931D1F4ADF0030F311 /* SlotElementViewModel.swift */ = {isa = PBXFileReference; fileEncoding = 4; lastKnownFileType = sourcecode.swift; path = SlotElementViewModel.swift; sourceTree = "<group>"; };
		AAA18F941D1F4ADF0030F311 /* SlotColumnViewModel.swift */ = {isa = PBXFileReference; fileEncoding = 4; lastKnownFileType = sourcecode.swift; path = SlotColumnViewModel.swift; sourceTree = "<group>"; };
		AAA18F951D1F4ADF0030F311 /* SlotMachineViewModel.swift */ = {isa = PBXFileReference; fileEncoding = 4; lastKnownFileType = sourcecode.swift; path = SlotMachineViewModel.swift; sourceTree = "<group>"; };
		AAA18F991D1F4AF60030F311 /* SlotElement.swift */ = {isa = PBXFileReference; fileEncoding = 4; lastKnownFileType = sourcecode.swift; path = SlotElement.swift; sourceTree = "<group>"; };
		AAA18F9A1D1F4AF60030F311 /* SlotColumn.swift */ = {isa = PBXFileReference; fileEncoding = 4; lastKnownFileType = sourcecode.swift; path = SlotColumn.swift; sourceTree = "<group>"; };
		AAA18F9B1D1F4AF60030F311 /* SlotMachine.swift */ = {isa = PBXFileReference; fileEncoding = 4; lastKnownFileType = sourcecode.swift; path = SlotMachine.swift; sourceTree = "<group>"; };
		AAA18FA21D1F4D1F0030F311 /* SlotColumnView.swift */ = {isa = PBXFileReference; fileEncoding = 4; lastKnownFileType = sourcecode.swift; path = SlotColumnView.swift; sourceTree = "<group>"; };
		AAA18FA51D1F4DDE0030F311 /* Configurable.swift */ = {isa = PBXFileReference; fileEncoding = 4; lastKnownFileType = sourcecode.swift; path = Configurable.swift; sourceTree = "<group>"; };
		AAA18FAA1D1F51610030F311 /* SlotMachineView.swift */ = {isa = PBXFileReference; fileEncoding = 4; lastKnownFileType = sourcecode.swift; path = SlotMachineView.swift; sourceTree = "<group>"; };
		AAA18FAC1D1F52280030F311 /* SlotMachineView.xib */ = {isa = PBXFileReference; fileEncoding = 4; lastKnownFileType = file.xib; path = SlotMachineView.xib; sourceTree = "<group>"; };
		AAA18FAF1D1F528D0030F311 /* XibLoadingView.swift */ = {isa = PBXFileReference; fileEncoding = 4; lastKnownFileType = sourcecode.swift; path = XibLoadingView.swift; sourceTree = "<group>"; };
		AAA18FB61D1FCD2D0030F311 /* SlotMachineViewTests.swift */ = {isa = PBXFileReference; fileEncoding = 4; lastKnownFileType = sourcecode.swift; path = SlotMachineViewTests.swift; sourceTree = "<group>"; };
		AAA18FB81D1FCD460030F311 /* SlotColumnViewTests.swift */ = {isa = PBXFileReference; fileEncoding = 4; lastKnownFileType = sourcecode.swift; path = SlotColumnViewTests.swift; sourceTree = "<group>"; };
		AAA18FBA1D1FDC4A0030F311 /* SlotColumnViewModelTests.swift */ = {isa = PBXFileReference; fileEncoding = 4; lastKnownFileType = sourcecode.swift; path = SlotColumnViewModelTests.swift; sourceTree = "<group>"; };
		AAA18FBC1D1FDC660030F311 /* TestHelper.swift */ = {isa = PBXFileReference; fileEncoding = 4; lastKnownFileType = sourcecode.swift; path = TestHelper.swift; sourceTree = "<group>"; };
		AAA18FBE1D1FDCAF0030F311 /* SlotMachineViewModelTests.swift */ = {isa = PBXFileReference; fileEncoding = 4; lastKnownFileType = sourcecode.swift; path = SlotMachineViewModelTests.swift; sourceTree = "<group>"; };
		AAA18FC01D1FFF730030F311 /* AppConstants.swift */ = {isa = PBXFileReference; fileEncoding = 4; lastKnownFileType = sourcecode.swift; path = AppConstants.swift; sourceTree = "<group>"; };
		AAA18FC21D20012F0030F311 /* TriangleView.swift */ = {isa = PBXFileReference; fileEncoding = 4; lastKnownFileType = sourcecode.swift; path = TriangleView.swift; sourceTree = "<group>"; };
		AAA18FC51D2003930030F311 /* UIColor+Components.swift */ = {isa = PBXFileReference; fileEncoding = 4; lastKnownFileType = sourcecode.swift; path = "UIColor+Components.swift"; sourceTree = "<group>"; };
		AAA18FC71D200CFB0030F311 /* TriangleViewTests.swift */ = {isa = PBXFileReference; fileEncoding = 4; lastKnownFileType = sourcecode.swift; path = TriangleViewTests.swift; sourceTree = "<group>"; };
/* End PBXFileReference section */

/* Begin PBXFrameworksBuildPhase section */
		AAA18F5D1D1F4A6C0030F311 /* Frameworks */ = {
			isa = PBXFrameworksBuildPhase;
			buildActionMask = 2147483647;
			files = (
			);
			runOnlyForDeploymentPostprocessing = 0;
		};
		AAA18F711D1F4A6C0030F311 /* Frameworks */ = {
			isa = PBXFrameworksBuildPhase;
			buildActionMask = 2147483647;
			files = (
			);
			runOnlyForDeploymentPostprocessing = 0;
		};
		AAA18F7C1D1F4A6C0030F311 /* Frameworks */ = {
			isa = PBXFrameworksBuildPhase;
			buildActionMask = 2147483647;
			files = (
			);
			runOnlyForDeploymentPostprocessing = 0;
		};
/* End PBXFrameworksBuildPhase section */

/* Begin PBXGroup section */
		AAA18F571D1F4A6B0030F311 = {
			isa = PBXGroup;
			children = (
				AAA18F621D1F4A6C0030F311 /* SlotMachine */,
				AAA18F771D1F4A6C0030F311 /* SlotMachineTests */,
				AAA18F821D1F4A6C0030F311 /* SlotMachineUITests */,
				AAA18F611D1F4A6C0030F311 /* Products */,
			);
			sourceTree = "<group>";
		};
		AAA18F611D1F4A6C0030F311 /* Products */ = {
			isa = PBXGroup;
			children = (
				AAA18F601D1F4A6C0030F311 /* SlotMachine.app */,
				AAA18F741D1F4A6C0030F311 /* SlotMachineTests.xctest */,
				AAA18F7F1D1F4A6C0030F311 /* SlotMachineUITests.xctest */,
			);
			name = Products;
			sourceTree = "<group>";
		};
		AAA18F621D1F4A6C0030F311 /* SlotMachine */ = {
			isa = PBXGroup;
			children = (
				AAA18F6F1D1F4A6C0030F311 /* Info.plist */,
				AAA18F6A1D1F4A6C0030F311 /* Assets.xcassets */,
				AAA18F631D1F4A6C0030F311 /* AppDelegate.swift */,
				AAA18FC01D1FFF730030F311 /* AppConstants.swift */,
				AAA18FA01D1F4BF00030F311 /* Storyboards */,
				AAA18FC41D2003820030F311 /* Extensions */,
				AAA18FA41D1F4D610030F311 /* Protocols */,
				AAA18F921D1F4ACA0030F311 /* Models */,
				AAA18F911D1F4AC40030F311 /* ViewModels */,
				AAA18FA11D1F4CDA0030F311 /* Views */,
				AAA18F9F1D1F4BE00030F311 /* ViewControllers */,
			);
			path = SlotMachine;
			sourceTree = "<group>";
		};
		AAA18F771D1F4A6C0030F311 /* SlotMachineTests */ = {
			isa = PBXGroup;
			children = (
				AAA18F781D1F4A6C0030F311 /* SlotElementViewModelTests.swift */,
				AAA18FBA1D1FDC4A0030F311 /* SlotColumnViewModelTests.swift */,
				AAA18FBE1D1FDCAF0030F311 /* SlotMachineViewModelTests.swift */,
				AAA18FB81D1FCD460030F311 /* SlotColumnViewTests.swift */,
				AAA18FB61D1FCD2D0030F311 /* SlotMachineViewTests.swift */,
				AAA18FC71D200CFB0030F311 /* TriangleViewTests.swift */,
				AAA18FBC1D1FDC660030F311 /* TestHelper.swift */,
				AAA18F7A1D1F4A6C0030F311 /* Info.plist */,
			);
			path = SlotMachineTests;
			sourceTree = "<group>";
		};
		AAA18F821D1F4A6C0030F311 /* SlotMachineUITests */ = {
			isa = PBXGroup;
			children = (
				AAA18F831D1F4A6C0030F311 /* SlotMachineUITests.swift */,
				AAA18F851D1F4A6C0030F311 /* Info.plist */,
			);
			path = SlotMachineUITests;
			sourceTree = "<group>";
		};
		AAA18F911D1F4AC40030F311 /* ViewModels */ = {
			isa = PBXGroup;
			children = (
				AAA18F931D1F4ADF0030F311 /* SlotElementViewModel.swift */,
				AAA18F941D1F4ADF0030F311 /* SlotColumnViewModel.swift */,
				AAA18F951D1F4ADF0030F311 /* SlotMachineViewModel.swift */,
			);
			name = ViewModels;
			sourceTree = "<group>";
		};
		AAA18F921D1F4ACA0030F311 /* Models */ = {
			isa = PBXGroup;
			children = (
				AAA18F991D1F4AF60030F311 /* SlotElement.swift */,
				AAA18F9A1D1F4AF60030F311 /* SlotColumn.swift */,
				AAA18F9B1D1F4AF60030F311 /* SlotMachine.swift */,
			);
			name = Models;
			sourceTree = "<group>";
		};
		AAA18F9F1D1F4BE00030F311 /* ViewControllers */ = {
			isa = PBXGroup;
			children = (
				AAA18F651D1F4A6C0030F311 /* ViewController.swift */,
			);
			name = ViewControllers;
			sourceTree = "<group>";
		};
		AAA18FA01D1F4BF00030F311 /* Storyboards */ = {
			isa = PBXGroup;
			children = (
				AAA18F6C1D1F4A6C0030F311 /* LaunchScreen.storyboard */,
				AAA18F671D1F4A6C0030F311 /* Main.storyboard */,
			);
			name = Storyboards;
			sourceTree = "<group>";
		};
		AAA18FA11D1F4CDA0030F311 /* Views */ = {
			isa = PBXGroup;
			children = (
				AAA18FAF1D1F528D0030F311 /* XibLoadingView.swift */,
				AAA18FA21D1F4D1F0030F311 /* SlotColumnView.swift */,
				AAA18FC21D20012F0030F311 /* TriangleView.swift */,
				AAA18FAE1D1F52620030F311 /* SlotMachineView */,
			);
			name = Views;
			sourceTree = "<group>";
		};
		AAA18FA41D1F4D610030F311 /* Protocols */ = {
			isa = PBXGroup;
			children = (
				AAA18FA51D1F4DDE0030F311 /* Configurable.swift */,
			);
			name = Protocols;
			sourceTree = "<group>";
		};
		AAA18FAE1D1F52620030F311 /* SlotMachineView */ = {
			isa = PBXGroup;
			children = (
				AAA18FAA1D1F51610030F311 /* SlotMachineView.swift */,
				AAA18FAC1D1F52280030F311 /* SlotMachineView.xib */,
			);
			name = SlotMachineView;
			sourceTree = "<group>";
		};
		AAA18FC41D2003820030F311 /* Extensions */ = {
			isa = PBXGroup;
			children = (
				AAA18FC51D2003930030F311 /* UIColor+Components.swift */,
			);
			name = Extensions;
			sourceTree = "<group>";
		};
/* End PBXGroup section */

/* Begin PBXNativeTarget section */
		AAA18F5F1D1F4A6C0030F311 /* SlotMachine */ = {
			isa = PBXNativeTarget;
			buildConfigurationList = AAA18F881D1F4A6C0030F311 /* Build configuration list for PBXNativeTarget "SlotMachine" */;
			buildPhases = (
				AAA18F5C1D1F4A6C0030F311 /* Sources */,
				AAA18F5D1D1F4A6C0030F311 /* Frameworks */,
				AAA18F5E1D1F4A6C0030F311 /* Resources */,
			);
			buildRules = (
			);
			dependencies = (
			);
			name = SlotMachine;
			productName = SlotMachine;
			productReference = AAA18F601D1F4A6C0030F311 /* SlotMachine.app */;
			productType = "com.apple.product-type.application";
		};
		AAA18F731D1F4A6C0030F311 /* SlotMachineTests */ = {
			isa = PBXNativeTarget;
			buildConfigurationList = AAA18F8B1D1F4A6C0030F311 /* Build configuration list for PBXNativeTarget "SlotMachineTests" */;
			buildPhases = (
				AAA18F701D1F4A6C0030F311 /* Sources */,
				AAA18F711D1F4A6C0030F311 /* Frameworks */,
				AAA18F721D1F4A6C0030F311 /* Resources */,
			);
			buildRules = (
			);
			dependencies = (
				AAA18F761D1F4A6C0030F311 /* PBXTargetDependency */,
			);
			name = SlotMachineTests;
			productName = SlotMachineTests;
			productReference = AAA18F741D1F4A6C0030F311 /* SlotMachineTests.xctest */;
			productType = "com.apple.product-type.bundle.unit-test";
		};
		AAA18F7E1D1F4A6C0030F311 /* SlotMachineUITests */ = {
			isa = PBXNativeTarget;
			buildConfigurationList = AAA18F8E1D1F4A6C0030F311 /* Build configuration list for PBXNativeTarget "SlotMachineUITests" */;
			buildPhases = (
				AAA18F7B1D1F4A6C0030F311 /* Sources */,
				AAA18F7C1D1F4A6C0030F311 /* Frameworks */,
				AAA18F7D1D1F4A6C0030F311 /* Resources */,
			);
			buildRules = (
			);
			dependencies = (
				AAA18F811D1F4A6C0030F311 /* PBXTargetDependency */,
			);
			name = SlotMachineUITests;
			productName = SlotMachineUITests;
			productReference = AAA18F7F1D1F4A6C0030F311 /* SlotMachineUITests.xctest */;
			productType = "com.apple.product-type.bundle.ui-testing";
		};
/* End PBXNativeTarget section */

/* Begin PBXProject section */
		AAA18F581D1F4A6B0030F311 /* Project object */ = {
			isa = PBXProject;
			attributes = {
				LastSwiftUpdateCheck = 0730;
				LastUpgradeCheck = 0730;
				ORGANIZATIONNAME = "Christian Lysne";
				TargetAttributes = {
					AAA18F5F1D1F4A6C0030F311 = {
						CreatedOnToolsVersion = 7.3.1;
					};
					AAA18F731D1F4A6C0030F311 = {
						CreatedOnToolsVersion = 7.3.1;
						TestTargetID = AAA18F5F1D1F4A6C0030F311;
					};
					AAA18F7E1D1F4A6C0030F311 = {
						CreatedOnToolsVersion = 7.3.1;
						TestTargetID = AAA18F5F1D1F4A6C0030F311;
					};
				};
			};
			buildConfigurationList = AAA18F5B1D1F4A6B0030F311 /* Build configuration list for PBXProject "SlotMachine" */;
			compatibilityVersion = "Xcode 3.2";
			developmentRegion = English;
			hasScannedForEncodings = 0;
			knownRegions = (
				en,
				Base,
			);
			mainGroup = AAA18F571D1F4A6B0030F311;
			productRefGroup = AAA18F611D1F4A6C0030F311 /* Products */;
			projectDirPath = "";
			projectRoot = "";
			targets = (
				AAA18F5F1D1F4A6C0030F311 /* SlotMachine */,
				AAA18F731D1F4A6C0030F311 /* SlotMachineTests */,
				AAA18F7E1D1F4A6C0030F311 /* SlotMachineUITests */,
			);
		};
/* End PBXProject section */

/* Begin PBXResourcesBuildPhase section */
		AAA18F5E1D1F4A6C0030F311 /* Resources */ = {
			isa = PBXResourcesBuildPhase;
			buildActionMask = 2147483647;
			files = (
				AAA18F6E1D1F4A6C0030F311 /* LaunchScreen.storyboard in Resources */,
				AAA18F6B1D1F4A6C0030F311 /* Assets.xcassets in Resources */,
				AAA18FAD1D1F52280030F311 /* SlotMachineView.xib in Resources */,
				AAA18F691D1F4A6C0030F311 /* Main.storyboard in Resources */,
			);
			runOnlyForDeploymentPostprocessing = 0;
		};
		AAA18F721D1F4A6C0030F311 /* Resources */ = {
			isa = PBXResourcesBuildPhase;
			buildActionMask = 2147483647;
			files = (
			);
			runOnlyForDeploymentPostprocessing = 0;
		};
		AAA18F7D1D1F4A6C0030F311 /* Resources */ = {
			isa = PBXResourcesBuildPhase;
			buildActionMask = 2147483647;
			files = (
			);
			runOnlyForDeploymentPostprocessing = 0;
		};
/* End PBXResourcesBuildPhase section */

/* Begin PBXSourcesBuildPhase section */
		AAA18F5C1D1F4A6C0030F311 /* Sources */ = {
			isa = PBXSourcesBuildPhase;
			buildActionMask = 2147483647;
			files = (
				AAA18FC31D20012F0030F311 /* TriangleView.swift in Sources */,
				AAA18FA61D1F4DDE0030F311 /* Configurable.swift in Sources */,
				AAA18F9C1D1F4AF60030F311 /* SlotElement.swift in Sources */,
				AAA18F971D1F4ADF0030F311 /* SlotColumnViewModel.swift in Sources */,
				AAA18FB01D1F528D0030F311 /* XibLoadingView.swift in Sources */,
				AAA18F981D1F4ADF0030F311 /* SlotMachineViewModel.swift in Sources */,
				AAA18F9E1D1F4AF60030F311 /* SlotMachine.swift in Sources */,
				AAA18F9D1D1F4AF60030F311 /* SlotColumn.swift in Sources */,
				AAA18FC61D2003930030F311 /* UIColor+Components.swift in Sources */,
				AAA18F661D1F4A6C0030F311 /* ViewController.swift in Sources */,
				AAA18F961D1F4ADF0030F311 /* SlotElementViewModel.swift in Sources */,
				AAA18FAB1D1F51610030F311 /* SlotMachineView.swift in Sources */,
				AAA18FC11D1FFF730030F311 /* AppConstants.swift in Sources */,
				AAA18F641D1F4A6C0030F311 /* AppDelegate.swift in Sources */,
				AAA18FA31D1F4D1F0030F311 /* SlotColumnView.swift in Sources */,
			);
			runOnlyForDeploymentPostprocessing = 0;
		};
		AAA18F701D1F4A6C0030F311 /* Sources */ = {
			isa = PBXSourcesBuildPhase;
			buildActionMask = 2147483647;
			files = (
				AAA18FBF1D1FDCAF0030F311 /* SlotMachineViewModelTests.swift in Sources */,
				AAA18FB91D1FCD460030F311 /* SlotColumnViewTests.swift in Sources */,
				AAA18FBD1D1FDC660030F311 /* TestHelper.swift in Sources */,
				AAA18FB71D1FCD2D0030F311 /* SlotMachineViewTests.swift in Sources */,
				AAA18F791D1F4A6C0030F311 /* SlotElementViewModelTests.swift in Sources */,
				AAA18FBB1D1FDC4A0030F311 /* SlotColumnViewModelTests.swift in Sources */,
				AAA18FC81D200CFB0030F311 /* TriangleViewTests.swift in Sources */,
			);
			runOnlyForDeploymentPostprocessing = 0;
		};
		AAA18F7B1D1F4A6C0030F311 /* Sources */ = {
			isa = PBXSourcesBuildPhase;
			buildActionMask = 2147483647;
			files = (
				AAA18F841D1F4A6C0030F311 /* SlotMachineUITests.swift in Sources */,
			);
			runOnlyForDeploymentPostprocessing = 0;
		};
/* End PBXSourcesBuildPhase section */

/* Begin PBXTargetDependency section */
		AAA18F761D1F4A6C0030F311 /* PBXTargetDependency */ = {
			isa = PBXTargetDependency;
			target = AAA18F5F1D1F4A6C0030F311 /* SlotMachine */;
			targetProxy = AAA18F751D1F4A6C0030F311 /* PBXContainerItemProxy */;
		};
		AAA18F811D1F4A6C0030F311 /* PBXTargetDependency */ = {
			isa = PBXTargetDependency;
			target = AAA18F5F1D1F4A6C0030F311 /* SlotMachine */;
			targetProxy = AAA18F801D1F4A6C0030F311 /* PBXContainerItemProxy */;
		};
/* End PBXTargetDependency section */

/* Begin PBXVariantGroup section */
		AAA18F671D1F4A6C0030F311 /* Main.storyboard */ = {
			isa = PBXVariantGroup;
			children = (
				AAA18F681D1F4A6C0030F311 /* Base */,
			);
			name = Main.storyboard;
			sourceTree = "<group>";
		};
		AAA18F6C1D1F4A6C0030F311 /* LaunchScreen.storyboard */ = {
			isa = PBXVariantGroup;
			children = (
				AAA18F6D1D1F4A6C0030F311 /* Base */,
			);
			name = LaunchScreen.storyboard;
			sourceTree = "<group>";
		};
/* End PBXVariantGroup section */

/* Begin XCBuildConfiguration section */
		AAA18F861D1F4A6C0030F311 /* Debug */ = {
			isa = XCBuildConfiguration;
			buildSettings = {
				ALWAYS_SEARCH_USER_PATHS = NO;
				CLANG_ANALYZER_NONNULL = YES;
				CLANG_CXX_LANGUAGE_STANDARD = "gnu++0x";
				CLANG_CXX_LIBRARY = "libc++";
				CLANG_ENABLE_MODULES = YES;
				CLANG_ENABLE_OBJC_ARC = YES;
				CLANG_WARN_BOOL_CONVERSION = YES;
				CLANG_WARN_CONSTANT_CONVERSION = YES;
				CLANG_WARN_DIRECT_OBJC_ISA_USAGE = YES_ERROR;
				CLANG_WARN_EMPTY_BODY = YES;
				CLANG_WARN_ENUM_CONVERSION = YES;
				CLANG_WARN_INT_CONVERSION = YES;
				CLANG_WARN_OBJC_ROOT_CLASS = YES_ERROR;
				CLANG_WARN_UNREACHABLE_CODE = YES;
				CLANG_WARN__DUPLICATE_METHOD_MATCH = YES;
				"CODE_SIGN_IDENTITY[sdk=iphoneos*]" = "iPhone Developer";
				COPY_PHASE_STRIP = NO;
				DEBUG_INFORMATION_FORMAT = dwarf;
				ENABLE_STRICT_OBJC_MSGSEND = YES;
				ENABLE_TESTABILITY = YES;
				GCC_C_LANGUAGE_STANDARD = gnu99;
				GCC_DYNAMIC_NO_PIC = NO;
				GCC_NO_COMMON_BLOCKS = YES;
				GCC_OPTIMIZATION_LEVEL = 0;
				GCC_PREPROCESSOR_DEFINITIONS = (
					"DEBUG=1",
					"$(inherited)",
				);
				GCC_WARN_64_TO_32_BIT_CONVERSION = YES;
				GCC_WARN_ABOUT_RETURN_TYPE = YES_ERROR;
				GCC_WARN_UNDECLARED_SELECTOR = YES;
				GCC_WARN_UNINITIALIZED_AUTOS = YES_AGGRESSIVE;
				GCC_WARN_UNUSED_FUNCTION = YES;
				GCC_WARN_UNUSED_VARIABLE = YES;
				IPHONEOS_DEPLOYMENT_TARGET = 9.3;
				MTL_ENABLE_DEBUG_INFO = YES;
				ONLY_ACTIVE_ARCH = YES;
				SDKROOT = iphoneos;
				SWIFT_OPTIMIZATION_LEVEL = "-Onone";
				TARGETED_DEVICE_FAMILY = "1,2";
			};
			name = Debug;
		};
		AAA18F871D1F4A6C0030F311 /* Release */ = {
			isa = XCBuildConfiguration;
			buildSettings = {
				ALWAYS_SEARCH_USER_PATHS = NO;
				CLANG_ANALYZER_NONNULL = YES;
				CLANG_CXX_LANGUAGE_STANDARD = "gnu++0x";
				CLANG_CXX_LIBRARY = "libc++";
				CLANG_ENABLE_MODULES = YES;
				CLANG_ENABLE_OBJC_ARC = YES;
				CLANG_WARN_BOOL_CONVERSION = YES;
				CLANG_WARN_CONSTANT_CONVERSION = YES;
				CLANG_WARN_DIRECT_OBJC_ISA_USAGE = YES_ERROR;
				CLANG_WARN_EMPTY_BODY = YES;
				CLANG_WARN_ENUM_CONVERSION = YES;
				CLANG_WARN_INT_CONVERSION = YES;
				CLANG_WARN_OBJC_ROOT_CLASS = YES_ERROR;
				CLANG_WARN_UNREACHABLE_CODE = YES;
				CLANG_WARN__DUPLICATE_METHOD_MATCH = YES;
				"CODE_SIGN_IDENTITY[sdk=iphoneos*]" = "iPhone Developer";
				COPY_PHASE_STRIP = NO;
				DEBUG_INFORMATION_FORMAT = "dwarf-with-dsym";
				ENABLE_NS_ASSERTIONS = NO;
				ENABLE_STRICT_OBJC_MSGSEND = YES;
				GCC_C_LANGUAGE_STANDARD = gnu99;
				GCC_NO_COMMON_BLOCKS = YES;
				GCC_WARN_64_TO_32_BIT_CONVERSION = YES;
				GCC_WARN_ABOUT_RETURN_TYPE = YES_ERROR;
				GCC_WARN_UNDECLARED_SELECTOR = YES;
				GCC_WARN_UNINITIALIZED_AUTOS = YES_AGGRESSIVE;
				GCC_WARN_UNUSED_FUNCTION = YES;
				GCC_WARN_UNUSED_VARIABLE = YES;
				IPHONEOS_DEPLOYMENT_TARGET = 9.3;
				MTL_ENABLE_DEBUG_INFO = NO;
				SDKROOT = iphoneos;
				TARGETED_DEVICE_FAMILY = "1,2";
				VALIDATE_PRODUCT = YES;
			};
			name = Release;
		};
		AAA18F891D1F4A6C0030F311 /* Debug */ = {
			isa = XCBuildConfiguration;
			buildSettings = {
				ASSETCATALOG_COMPILER_APPICON_NAME = AppIcon;
				INFOPLIST_FILE = SlotMachine/Info.plist;
				LD_RUNPATH_SEARCH_PATHS = "$(inherited) @executable_path/Frameworks";
				PRODUCT_BUNDLE_IDENTIFIER = com.christianlysne.SlotMachine;
				PRODUCT_NAME = "$(TARGET_NAME)";
			};
			name = Debug;
		};
		AAA18F8A1D1F4A6C0030F311 /* Release */ = {
			isa = XCBuildConfiguration;
			buildSettings = {
				ASSETCATALOG_COMPILER_APPICON_NAME = AppIcon;
				INFOPLIST_FILE = SlotMachine/Info.plist;
				LD_RUNPATH_SEARCH_PATHS = "$(inherited) @executable_path/Frameworks";
				PRODUCT_BUNDLE_IDENTIFIER = com.christianlysne.SlotMachine;
				PRODUCT_NAME = "$(TARGET_NAME)";
			};
			name = Release;
		};
		AAA18F8C1D1F4A6C0030F311 /* Debug */ = {
			isa = XCBuildConfiguration;
			buildSettings = {
				BUNDLE_LOADER = "$(TEST_HOST)";
				INFOPLIST_FILE = SlotMachineTests/Info.plist;
				LD_RUNPATH_SEARCH_PATHS = "$(inherited) @executable_path/Frameworks @loader_path/Frameworks";
				PRODUCT_BUNDLE_IDENTIFIER = com.christianlysne.SlotMachineTests;
				PRODUCT_NAME = "$(TARGET_NAME)";
				TEST_HOST = "$(BUILT_PRODUCTS_DIR)/SlotMachine.app/SlotMachine";
			};
			name = Debug;
		};
		AAA18F8D1D1F4A6C0030F311 /* Release */ = {
			isa = XCBuildConfiguration;
			buildSettings = {
				BUNDLE_LOADER = "$(TEST_HOST)";
				INFOPLIST_FILE = SlotMachineTests/Info.plist;
				LD_RUNPATH_SEARCH_PATHS = "$(inherited) @executable_path/Frameworks @loader_path/Frameworks";
				PRODUCT_BUNDLE_IDENTIFIER = com.christianlysne.SlotMachineTests;
				PRODUCT_NAME = "$(TARGET_NAME)";
				TEST_HOST = "$(BUILT_PRODUCTS_DIR)/SlotMachine.app/SlotMachine";
			};
			name = Release;
		};
		AAA18F8F1D1F4A6C0030F311 /* Debug */ = {
			isa = XCBuildConfiguration;
			buildSettings = {
				INFOPLIST_FILE = SlotMachineUITests/Info.plist;
				LD_RUNPATH_SEARCH_PATHS = "$(inherited) @executable_path/Frameworks @loader_path/Frameworks";
				PRODUCT_BUNDLE_IDENTIFIER = com.christianlysne.SlotMachineUITests;
				PRODUCT_NAME = "$(TARGET_NAME)";
				TEST_TARGET_NAME = SlotMachine;
			};
			name = Debug;
		};
		AAA18F901D1F4A6C0030F311 /* Release */ = {
			isa = XCBuildConfiguration;
			buildSettings = {
				INFOPLIST_FILE = SlotMachineUITests/Info.plist;
				LD_RUNPATH_SEARCH_PATHS = "$(inherited) @executable_path/Frameworks @loader_path/Frameworks";
				PRODUCT_BUNDLE_IDENTIFIER = com.christianlysne.SlotMachineUITests;
				PRODUCT_NAME = "$(TARGET_NAME)";
				TEST_TARGET_NAME = SlotMachine;
			};
			name = Release;
		};
/* End XCBuildConfiguration section */

/* Begin XCConfigurationList section */
		AAA18F5B1D1F4A6B0030F311 /* Build configuration list for PBXProject "SlotMachine" */ = {
			isa = XCConfigurationList;
			buildConfigurations = (
				AAA18F861D1F4A6C0030F311 /* Debug */,
				AAA18F871D1F4A6C0030F311 /* Release */,
			);
			defaultConfigurationIsVisible = 0;
			defaultConfigurationName = Release;
		};
		AAA18F881D1F4A6C0030F311 /* Build configuration list for PBXNativeTarget "SlotMachine" */ = {
			isa = XCConfigurationList;
			buildConfigurations = (
				AAA18F891D1F4A6C0030F311 /* Debug */,
				AAA18F8A1D1F4A6C0030F311 /* Release */,
			);
			defaultConfigurationIsVisible = 0;
		};
		AAA18F8B1D1F4A6C0030F311 /* Build configuration list for PBXNativeTarget "SlotMachineTests" */ = {
			isa = XCConfigurationList;
			buildConfigurations = (
				AAA18F8C1D1F4A6C0030F311 /* Debug */,
				AAA18F8D1D1F4A6C0030F311 /* Release */,
			);
			defaultConfigurationIsVisible = 0;
		};
		AAA18F8E1D1F4A6C0030F311 /* Build configuration list for PBXNativeTarget "SlotMachineUITests" */ = {
			isa = XCConfigurationList;
			buildConfigurations = (
				AAA18F8F1D1F4A6C0030F311 /* Debug */,
				AAA18F901D1F4A6C0030F311 /* Release */,
			);
			defaultConfigurationIsVisible = 0;
		};
/* End XCConfigurationList section */
	};
	rootObject = AAA18F581D1F4A6B0030F311 /* Project object */;
}
